
Microsoft Visual Studio Solution File, Format Version 12.00
# Visual Studio 15
VisualStudioVersion = 15.0.28307.779
MinimumVisualStudioVersion = 10.0.40219.1
Project("{FAE04EC0-301F-11D3-BF4B-00C04F79EFBC}") = "OVOTS_WebApp", "OVOTS_WebApp\OVOTS_WebApp.csproj", "{C21C30D7-B1CB-4AF2-8902-4B77EC860EC8}"
EndProject
Global
	GlobalSection(SolutionConfigurationPlatforms) = preSolution
		Debug|Any CPU = Debug|Any CPU
		Release|Any CPU = Release|Any CPU
	EndGlobalSection
	GlobalSection(ProjectConfigurationPlatforms) = postSolution
		{C21C30D7-B1CB-4AF2-8902-4B77EC860EC8}.Debug|Any CPU.ActiveCfg = Debug|Any CPU
		{C21C30D7-B1CB-4AF2-8902-4B77EC860EC8}.Debug|Any CPU.Build.0 = Debug|Any CPU
		{C21C30D7-B1CB-4AF2-8902-4B77EC860EC8}.Release|Any CPU.ActiveCfg = Release|Any CPU
		{C21C30D7-B1CB-4AF2-8902-4B77EC860EC8}.Release|Any CPU.Build.0 = Release|Any CPU
	EndGlobalSection
	GlobalSection(SolutionProperties) = preSolution
		HideSolutionNode = FALSE
	EndGlobalSection
	GlobalSection(ExtensibilityGlobals) = postSolution
		SolutionGuid = {AFF4196B-55B7-4B54-96B3-C897758941C7}
	EndGlobalSection
EndGlobal
